{
  "version": 4,
  "terraform_version": "1.1.3",
  "serial": 84,
  "lineage": "6d365f59-f236-1f8e-52f0-cb551ec59421",
  "outputs": {},
  "resources": [
    {
      "mode": "data",
      "type": "template_file",
      "name": "maria-vm-cloud-init",
      "provider": "provider[\"registry.terraform.io/hashicorp/template\"]",
      "instances": [
        {
          "index_key": 0,
          "schema_version": 0,
          "attributes": {
            "filename": null,
            "id": "e3e20b958600ff3cef08d3856716f7b610e3105c8478901c3c0baf011d4de563",
            "rendered": "#!/bin/bash\n\n# ************************************************************************\n# function 4 server config\n#\nconfigure_mysqlserver() {\n    sudo sed -i -e '1,$s/bind\\-address.*127\\.0\\.0\\.1/bind\\-address\\ \\ \\=\\ 0\\.0\\.0\\.0/g' /etc/mysql/mysql.conf.d/mysqld.cnf\n    #sudo systemctl restart mysql\n}\n# configure  server\nsudo date\nsudo rm /etc/localtime\nsudo ln -s /usr/share/zoneinfo/Europe/Berlin /etc/localtime\nsudo date\nsudo date -u\n\n# remove apparmor\n\nsudo apt purge apparmor -y\nsudo chattr -i /mnt/DATALOSS_WARNING_README.txt\nsudo rm /mnt/DATALOSS_WARNING_README.txt\n\n\n######################## prep log partition\n\nsudo mkdir -p /mnt/mysql/binlog\nsudo mkdir -p /mnt/mysql/relaylog\nsudo chmod -R 750 /mnt/mysql\nsudo chown -R mysql:mysql /mnt/mysql\n\n\n# ************************************************************************\n# configure admin user\n#\nsudo apt install mysql-server-5.7 -y\nsudo mkdir -p /var/run/mysqld\nsudo chown mysql:mysql /var/run/mysqld\nsudo systemctl enable mysql\nsudo echo \"CREATE USER 'sqladmin'@'%' IDENTIFIED BY 'blackmaria';\" | mysql -u root\nsudo echo \"GRANT ALL on *.* TO 'sqladmin'@'%' WITH GRANT OPTION;\" | mysql -u root\nsudo echo \"FLUSH PRIVILEGES\" | mysql -u root\n# ************************************************************************\n# server config\n#\nconfigure_mysqlserver\n#sudo reboot\n",
            "template": "#!/bin/bash\n\n# ************************************************************************\n# function 4 server config\n#\nconfigure_mysqlserver() {\n    sudo sed -i -e '1,$s/bind\\-address.*127\\.0\\.0\\.1/bind\\-address\\ \\ \\=\\ 0\\.0\\.0\\.0/g' /etc/mysql/mysql.conf.d/mysqld.cnf\n    #sudo systemctl restart mysql\n}\n# configure  server\nsudo date\nsudo rm /etc/localtime\nsudo ln -s /usr/share/zoneinfo/Europe/Berlin /etc/localtime\nsudo date\nsudo date -u\n\n# remove apparmor\n\nsudo apt purge apparmor -y\nsudo chattr -i /mnt/DATALOSS_WARNING_README.txt\nsudo rm /mnt/DATALOSS_WARNING_README.txt\n\n\n######################## prep log partition\n\nsudo mkdir -p /mnt/mysql/binlog\nsudo mkdir -p /mnt/mysql/relaylog\nsudo chmod -R 750 /mnt/mysql\nsudo chown -R mysql:mysql /mnt/mysql\n\n\n# ************************************************************************\n# configure admin user\n#\nsudo apt install mysql-server-5.7 -y\nsudo mkdir -p /var/run/mysqld\nsudo chown mysql:mysql /var/run/mysqld\nsudo systemctl enable mysql\nsudo echo \"CREATE USER 'sqladmin'@'%' IDENTIFIED BY 'blackmaria';\" | mysql -u root\nsudo echo \"GRANT ALL on *.* TO 'sqladmin'@'%' WITH GRANT OPTION;\" | mysql -u root\nsudo echo \"FLUSH PRIVILEGES\" | mysql -u root\n# ************************************************************************\n# server config\n#\nconfigure_mysqlserver\n#sudo reboot\n",
            "vars": {
              "db_fqdn": "aw0815-maria0.westeurope.cloudapp.azure.com",
              "db_pwd": "blackmaria",
              "db_user": "sqladmin"
            }
          },
          "sensitive_attributes": []
        },
        {
          "index_key": 1,
          "schema_version": 0,
          "attributes": {
            "filename": null,
            "id": "68a323a2c4e6bfb606142d547a6cb43c1dd36bdfa174f8af4aad495497e63940",
            "rendered": "#!/bin/bash\n\n# ************************************************************************\n# function 4 server config\n#\nconfigure_mysqlserver() {\n    sudo sed -i -e '1,$s/bind\\-address.*127\\.0\\.0\\.1/bind\\-address\\ \\ \\=\\ 0\\.0\\.0\\.0/g' /etc/mysql/mysql.conf.d/mysqld.cnf\n    sudo systemctl restart mysql\n}\n\n\n# ************************************************************************\n# configure admin user\n#\nsudo apt install mysql-server-5.7 -y\nsudo mkdir -p /var/run/mysqld\nsudo chown mysql:mysql /var/run/mysqld\nsudo systemctl enable mysql\nsudo echo \"CREATE USER 'sqladmin'@'%' IDENTIFIED BY 'blackmaria';\" | mysql -u root\nsudo echo \"GRANT ALL on *.* TO 'sqladmin'@'%' WITH GRANT OPTION;\" | mysql -u root\nsudo echo \"FLUSH PRIVILEGES\" | mysql -u root\n# ************************************************************************\n# server config\n#\nconfigure_mysqlserver\n",
            "template": "#!/bin/bash\n\n# ************************************************************************\n# function 4 server config\n#\nconfigure_mysqlserver() {\n    sudo sed -i -e '1,$s/bind\\-address.*127\\.0\\.0\\.1/bind\\-address\\ \\ \\=\\ 0\\.0\\.0\\.0/g' /etc/mysql/mysql.conf.d/mysqld.cnf\n    sudo systemctl restart mysql\n}\n\n\n# ************************************************************************\n# configure admin user\n#\nsudo apt install mysql-server-5.7 -y\nsudo mkdir -p /var/run/mysqld\nsudo chown mysql:mysql /var/run/mysqld\nsudo systemctl enable mysql\nsudo echo \"CREATE USER 'sqladmin'@'%' IDENTIFIED BY 'blackmaria';\" | mysql -u root\nsudo echo \"GRANT ALL on *.* TO 'sqladmin'@'%' WITH GRANT OPTION;\" | mysql -u root\nsudo echo \"FLUSH PRIVILEGES\" | mysql -u root\n# ************************************************************************\n# server config\n#\nconfigure_mysqlserver\n",
            "vars": {
              "db_fqdn": "aw0815-maria1.westeurope.cloudapp.azure.com",
              "db_pwd": "blackmaria",
              "db_user": "sqladmin"
            }
          },
          "sensitive_attributes": []
        }
      ]
    },
    {
      "mode": "managed",
      "type": "azurerm_linux_virtual_machine",
      "name": "maria",
      "provider": "provider[\"registry.terraform.io/hashicorp/azurerm\"]",
      "instances": [
        {
          "index_key": 0,
          "schema_version": 0,
          "attributes": {
            "additional_capabilities": [],
            "admin_password": null,
            "admin_ssh_key": [
              {
                "public_key": "ssh-rsa AAAAB3NzaC1yc2EAAAADAQABAAABgQDMHg12xJiMs1+gYJmLAeMeECi5MVVrGgzD/TCISWhwUURVGAFpZvbfVQSJpgmW7LNM3acvBQH80MkHObXAiaRiIdbKVaDPZaFQJJ+w6fK7BEPO9j5NRpSWqPaed3NSIQUZE4ExmrOaGMXstmIXo3R7jWkNDr+w1Br0ortKAeEyJpZ+FC4HDYnIf1rECCtOD0PulpXIVkVADIP1ERSYdS51x0wuZ8J/Iv0RCbSDtx/BueKE0idVfT3FbhJjpgk1Ug9ASk0TLRLY++Ba8Fcrb7MveARGGl1gn+z7mTfHvNjUnhqa6L3+TsibJECDplsJi8lCTz5CB8xaakd9BxTNUXpKOw3khJQhR036YeMK5LdXiMhU54DDPC6m6aWNN8w5+2DLWsXFpG/93fUm0pUVVmHONBNV/yrEpfK/QMXb6eDReEBmmMSVtWbALEWPLJOpXylgMyz1emy6cXrRwRNUuvKkpfy8dxHe7/3nr2eaUHKAgVZG0H5OiMwSCOuBv+X4+6E= Home@Home-PC\n",
                "username": "adminuser"
              }
            ],
            "admin_username": "adminuser",
            "allow_extension_operations": true,
            "availability_set_id": "",
            "boot_diagnostics": [],
            "computer_name": "maria-machine0",
            "custom_data": "IyEvYmluL2Jhc2gKCiMgKioqKioqKioqKioqKioqKioqKioqKioqKioqKioqKioqKioqKioqKioqKioqKioqKioqKioqKioqKioqKioqKioqKioqKioqCiMgZnVuY3Rpb24gNCBzZXJ2ZXIgY29uZmlnCiMKY29uZmlndXJlX215c3Fsc2VydmVyKCkgewogICAgc3VkbyBzZWQgLWkgLWUgJzEsJHMvYmluZFwtYWRkcmVzcy4qMTI3XC4wXC4wXC4xL2JpbmRcLWFkZHJlc3NcIFwgXD1cIDBcLjBcLjBcLjAvZycgL2V0Yy9teXNxbC9teXNxbC5jb25mLmQvbXlzcWxkLmNuZgogICAgI3N1ZG8gc3lzdGVtY3RsIHJlc3RhcnQgbXlzcWwKfQojIGNvbmZpZ3VyZSAgc2VydmVyCnN1ZG8gZGF0ZQpzdWRvIHJtIC9ldGMvbG9jYWx0aW1lCnN1ZG8gbG4gLXMgL3Vzci9zaGFyZS96b25laW5mby9FdXJvcGUvQmVybGluIC9ldGMvbG9jYWx0aW1lCnN1ZG8gZGF0ZQpzdWRvIGRhdGUgLXUKCiMgcmVtb3ZlIGFwcGFybW9yCgpzdWRvIGFwdCBwdXJnZSBhcHBhcm1vciAteQpzdWRvIGNoYXR0ciAtaSAvbW50L0RBVEFMT1NTX1dBUk5JTkdfUkVBRE1FLnR4dApzdWRvIHJtIC9tbnQvREFUQUxPU1NfV0FSTklOR19SRUFETUUudHh0CgoKIyMjIyMjIyMjIyMjIyMjIyMjIyMjIyMjIHByZXAgbG9nIHBhcnRpdGlvbgoKc3VkbyBta2RpciAtcCAvbW50L215c3FsL2JpbmxvZwpzdWRvIG1rZGlyIC1wIC9tbnQvbXlzcWwvcmVsYXlsb2cKc3VkbyBjaG1vZCAtUiA3NTAgL21udC9teXNxbApzdWRvIGNob3duIC1SIG15c3FsOm15c3FsIC9tbnQvbXlzcWwKCgojICoqKioqKioqKioqKioqKioqKioqKioqKioqKioqKioqKioqKioqKioqKioqKioqKioqKioqKioqKioqKioqKioqKioqKioqKgojIGNvbmZpZ3VyZSBhZG1pbiB1c2VyCiMKc3VkbyBhcHQgaW5zdGFsbCBteXNxbC1zZXJ2ZXItNS43IC15CnN1ZG8gbWtkaXIgLXAgL3Zhci9ydW4vbXlzcWxkCnN1ZG8gY2hvd24gbXlzcWw6bXlzcWwgL3Zhci9ydW4vbXlzcWxkCnN1ZG8gc3lzdGVtY3RsIGVuYWJsZSBteXNxbApzdWRvIGVjaG8gIkNSRUFURSBVU0VSICdzcWxhZG1pbidAJyUnIElERU5USUZJRUQgQlkgJ2JsYWNrbWFyaWEnOyIgfCBteXNxbCAtdSByb290CnN1ZG8gZWNobyAiR1JBTlQgQUxMIG9uICouKiBUTyAnc3FsYWRtaW4nQCclJyBXSVRIIEdSQU5UIE9QVElPTjsiIHwgbXlzcWwgLXUgcm9vdApzdWRvIGVjaG8gIkZMVVNIIFBSSVZJTEVHRVMiIHwgbXlzcWwgLXUgcm9vdAojICoqKioqKioqKioqKioqKioqKioqKioqKioqKioqKioqKioqKioqKioqKioqKioqKioqKioqKioqKioqKioqKioqKioqKioqKgojIHNlcnZlciBjb25maWcKIwpjb25maWd1cmVfbXlzcWxzZXJ2ZXIKI3N1ZG8gcmVib290Cg==",
            "dedicated_host_id": "",
            "disable_password_authentication": true,
            "encryption_at_host_enabled": false,
            "eviction_policy": "",
            "extensions_time_budget": "PT1H30M",
            "id": "/subscriptions/3f5eb6a9-5c8c-4f4c-8764-1e5d477f1ca8/resourceGroups/maria-resources/providers/Microsoft.Compute/virtualMachines/maria-machine0",
            "identity": [],
            "license_type": "",
            "location": "westeurope",
            "max_bid_price": -1,
            "name": "maria-machine0",
            "network_interface_ids": [
              "/subscriptions/3f5eb6a9-5c8c-4f4c-8764-1e5d477f1ca8/resourceGroups/maria-resources/providers/Microsoft.Network/networkInterfaces/maria-nic0"
            ],
            "os_disk": [
              {
                "caching": "ReadWrite",
                "diff_disk_settings": [],
                "disk_encryption_set_id": "",
                "disk_size_gb": 30,
                "name": "maria-machine0_OsDisk_1_811802adfe1141aa9a1283512f9a1918",
                "storage_account_type": "Standard_LRS",
                "write_accelerator_enabled": false
              }
            ],
            "patch_mode": "ImageDefault",
            "plan": [],
            "platform_fault_domain": -1,
            "priority": "Regular",
            "private_ip_address": "10.0.2.4",
            "private_ip_addresses": [
              "10.0.2.4"
            ],
            "provision_vm_agent": true,
            "proximity_placement_group_id": "",
            "public_ip_address": "52.142.210.182",
            "public_ip_addresses": [
              "52.142.210.182"
            ],
            "resource_group_name": "maria-resources",
            "secret": [],
            "secure_boot_enabled": false,
            "size": "Standard_B1ls",
            "source_image_id": "",
            "source_image_reference": [
              {
                "offer": "UbuntuServer",
                "publisher": "Canonical",
                "sku": "18.04-LTS",
                "version": "latest"
              }
            ],
            "tags": null,
            "timeouts": null,
            "virtual_machine_id": "da232554-6a75-4f3f-8e41-0b1e560eb437",
            "virtual_machine_scale_set_id": "",
            "vtpm_enabled": false,
            "zone": ""
          },
          "sensitive_attributes": [],
          "private": "eyJlMmJmYjczMC1lY2FhLTExZTYtOGY4OC0zNDM2M2JjN2M0YzAiOnsiY3JlYXRlIjoyNzAwMDAwMDAwMDAwLCJkZWxldGUiOjI3MDAwMDAwMDAwMDAsInJlYWQiOjMwMDAwMDAwMDAwMCwidXBkYXRlIjoyNzAwMDAwMDAwMDAwfX0=",
          "dependencies": [
            "azurerm_network_interface.maria",
            "azurerm_resource_group.maria",
            "data.template_file.maria-vm-cloud-init"
          ]
        },
        {
          "index_key": 1,
          "schema_version": 0,
          "attributes": {
            "additional_capabilities": [],
            "admin_password": null,
            "admin_ssh_key": [
              {
                "public_key": "ssh-rsa AAAAB3NzaC1yc2EAAAADAQABAAABgQDMHg12xJiMs1+gYJmLAeMeECi5MVVrGgzD/TCISWhwUURVGAFpZvbfVQSJpgmW7LNM3acvBQH80MkHObXAiaRiIdbKVaDPZaFQJJ+w6fK7BEPO9j5NRpSWqPaed3NSIQUZE4ExmrOaGMXstmIXo3R7jWkNDr+w1Br0ortKAeEyJpZ+FC4HDYnIf1rECCtOD0PulpXIVkVADIP1ERSYdS51x0wuZ8J/Iv0RCbSDtx/BueKE0idVfT3FbhJjpgk1Ug9ASk0TLRLY++Ba8Fcrb7MveARGGl1gn+z7mTfHvNjUnhqa6L3+TsibJECDplsJi8lCTz5CB8xaakd9BxTNUXpKOw3khJQhR036YeMK5LdXiMhU54DDPC6m6aWNN8w5+2DLWsXFpG/93fUm0pUVVmHONBNV/yrEpfK/QMXb6eDReEBmmMSVtWbALEWPLJOpXylgMyz1emy6cXrRwRNUuvKkpfy8dxHe7/3nr2eaUHKAgVZG0H5OiMwSCOuBv+X4+6E= Home@Home-PC\n",
                "username": "adminuser"
              }
            ],
            "admin_username": "adminuser",
            "allow_extension_operations": true,
            "availability_set_id": "",
            "boot_diagnostics": [],
            "computer_name": "maria-machine1",
            "custom_data": "IyEvYmluL2Jhc2gKCiMgKioqKioqKioqKioqKioqKioqKioqKioqKioqKioqKioqKioqKioqKioqKioqKioqKioqKioqKioqKioqKioqKioqKioqKioqCiMgZnVuY3Rpb24gNCBzZXJ2ZXIgY29uZmlnCiMKY29uZmlndXJlX215c3Fsc2VydmVyKCkgewogICAgc3VkbyBzZWQgLWkgLWUgJzEsJHMvYmluZFwtYWRkcmVzcy4qMTI3XC4wXC4wXC4xL2JpbmRcLWFkZHJlc3NcIFwgXD1cIDBcLjBcLjBcLjAvZycgL2V0Yy9teXNxbC9teXNxbC5jb25mLmQvbXlzcWxkLmNuZgogICAgc3VkbyBzeXN0ZW1jdGwgcmVzdGFydCBteXNxbAp9CgoKIyAqKioqKioqKioqKioqKioqKioqKioqKioqKioqKioqKioqKioqKioqKioqKioqKioqKioqKioqKioqKioqKioqKioqKioqKioKIyBjb25maWd1cmUgYWRtaW4gdXNlcgojCnN1ZG8gYXB0IGluc3RhbGwgbXlzcWwtc2VydmVyLTUuNyAteQpzdWRvIG1rZGlyIC1wIC92YXIvcnVuL215c3FsZApzdWRvIGNob3duIG15c3FsOm15c3FsIC92YXIvcnVuL215c3FsZApzdWRvIHN5c3RlbWN0bCBlbmFibGUgbXlzcWwKc3VkbyBlY2hvICJDUkVBVEUgVVNFUiAnc3FsYWRtaW4nQCclJyBJREVOVElGSUVEIEJZICdibGFja21hcmlhJzsiIHwgbXlzcWwgLXUgcm9vdApzdWRvIGVjaG8gIkdSQU5UIEFMTCBvbiAqLiogVE8gJ3NxbGFkbWluJ0AnJScgV0lUSCBHUkFOVCBPUFRJT047IiB8IG15c3FsIC11IHJvb3QKc3VkbyBlY2hvICJGTFVTSCBQUklWSUxFR0VTIiB8IG15c3FsIC11IHJvb3QKIyAqKioqKioqKioqKioqKioqKioqKioqKioqKioqKioqKioqKioqKioqKioqKioqKioqKioqKioqKioqKioqKioqKioqKioqKioKIyBzZXJ2ZXIgY29uZmlnCiMKY29uZmlndXJlX215c3Fsc2VydmVyCg==",
            "dedicated_host_id": "",
            "disable_password_authentication": true,
            "encryption_at_host_enabled": false,
            "eviction_policy": "",
            "extensions_time_budget": "PT1H30M",
            "id": "/subscriptions/3f5eb6a9-5c8c-4f4c-8764-1e5d477f1ca8/resourceGroups/maria-resources/providers/Microsoft.Compute/virtualMachines/maria-machine1",
            "identity": [],
            "license_type": "",
            "location": "westeurope",
            "max_bid_price": -1,
            "name": "maria-machine1",
            "network_interface_ids": [
              "/subscriptions/3f5eb6a9-5c8c-4f4c-8764-1e5d477f1ca8/resourceGroups/maria-resources/providers/Microsoft.Network/networkInterfaces/maria-nic1"
            ],
            "os_disk": [
              {
                "caching": "ReadWrite",
                "diff_disk_settings": [],
                "disk_encryption_set_id": "",
                "disk_size_gb": 30,
                "name": "maria-machine1_OsDisk_1_2914ab1dc35d4146ad544f18e3263fab",
                "storage_account_type": "Standard_LRS",
                "write_accelerator_enabled": false
              }
            ],
            "patch_mode": "ImageDefault",
            "plan": [],
            "platform_fault_domain": -1,
            "priority": "Regular",
            "private_ip_address": "10.1.2.4",
            "private_ip_addresses": [
              "10.1.2.4"
            ],
            "provision_vm_agent": true,
            "proximity_placement_group_id": "",
            "public_ip_address": "52.142.210.202",
            "public_ip_addresses": [
              "52.142.210.202"
            ],
            "resource_group_name": "maria-resources",
            "secret": [],
            "secure_boot_enabled": false,
            "size": "Standard_B1ls",
            "source_image_id": "",
            "source_image_reference": [
              {
                "offer": "UbuntuServer",
                "publisher": "Canonical",
                "sku": "18.04-LTS",
                "version": "latest"
              }
            ],
            "tags": {},
            "timeouts": null,
            "virtual_machine_id": "88ce9177-e42d-4bb9-bf49-1542a136e19f",
            "virtual_machine_scale_set_id": "",
            "vtpm_enabled": false,
            "zone": ""
          },
          "sensitive_attributes": [],
          "private": "eyJlMmJmYjczMC1lY2FhLTExZTYtOGY4OC0zNDM2M2JjN2M0YzAiOnsiY3JlYXRlIjoyNzAwMDAwMDAwMDAwLCJkZWxldGUiOjI3MDAwMDAwMDAwMDAsInJlYWQiOjMwMDAwMDAwMDAwMCwidXBkYXRlIjoyNzAwMDAwMDAwMDAwfX0=",
          "dependencies": [
            "azurerm_network_interface.maria",
            "azurerm_public_ip.mariapi",
            "azurerm_resource_group.maria",
            "azurerm_subnet.maria",
            "azurerm_virtual_network.maria",
            "data.template_file.maria-vm-cloud-init"
          ]
        }
      ]
    },
    {
      "mode": "managed",
      "type": "azurerm_network_interface",
      "name": "maria",
      "provider": "provider[\"registry.terraform.io/hashicorp/azurerm\"]",
      "instances": [
        {
          "index_key": 0,
          "schema_version": 0,
          "attributes": {
            "applied_dns_servers": [],
            "dns_servers": [],
            "enable_accelerated_networking": false,
            "enable_ip_forwarding": false,
            "id": "/subscriptions/3f5eb6a9-5c8c-4f4c-8764-1e5d477f1ca8/resourceGroups/maria-resources/providers/Microsoft.Network/networkInterfaces/maria-nic0",
            "internal_dns_name_label": "",
            "internal_domain_name_suffix": "112vv0pz4n0uvfxsiqs0xvohcg.ax.internal.cloudapp.net",
            "ip_configuration": [
              {
                "gateway_load_balancer_frontend_ip_configuration_id": "",
                "name": "internal0",
                "primary": true,
                "private_ip_address": "10.0.2.4",
                "private_ip_address_allocation": "Dynamic",
                "private_ip_address_version": "IPv4",
                "public_ip_address_id": "/subscriptions/3f5eb6a9-5c8c-4f4c-8764-1e5d477f1ca8/resourceGroups/maria-resources/providers/Microsoft.Network/publicIPAddresses/maria-pubIP0",
                "subnet_id": "/subscriptions/3f5eb6a9-5c8c-4f4c-8764-1e5d477f1ca8/resourceGroups/maria-resources/providers/Microsoft.Network/virtualNetworks/maria-network.0/subnets/internal0"
              }
            ],
            "location": "westeurope",
            "mac_address": "60-45-BD-92-4F-15",
            "name": "maria-nic0",
            "private_ip_address": "10.0.2.4",
            "private_ip_addresses": [
              "10.0.2.4"
            ],
            "resource_group_name": "maria-resources",
            "tags": {},
            "timeouts": null,
            "virtual_machine_id": "/subscriptions/3f5eb6a9-5c8c-4f4c-8764-1e5d477f1ca8/resourceGroups/maria-resources/providers/Microsoft.Compute/virtualMachines/maria-machine0"
          },
          "sensitive_attributes": [],
          "private": "eyJlMmJmYjczMC1lY2FhLTExZTYtOGY4OC0zNDM2M2JjN2M0YzAiOnsiY3JlYXRlIjoxODAwMDAwMDAwMDAwLCJkZWxldGUiOjE4MDAwMDAwMDAwMDAsInJlYWQiOjMwMDAwMDAwMDAwMCwidXBkYXRlIjoxODAwMDAwMDAwMDAwfX0=",
          "dependencies": [
            "azurerm_public_ip.mariapi",
            "azurerm_resource_group.maria",
            "azurerm_subnet.maria",
            "azurerm_virtual_network.maria"
          ]
        },
        {
          "index_key": 1,
          "schema_version": 0,
          "attributes": {
            "applied_dns_servers": [],
            "dns_servers": [],
            "enable_accelerated_networking": false,
            "enable_ip_forwarding": false,
            "id": "/subscriptions/3f5eb6a9-5c8c-4f4c-8764-1e5d477f1ca8/resourceGroups/maria-resources/providers/Microsoft.Network/networkInterfaces/maria-nic1",
            "internal_dns_name_label": "",
            "internal_domain_name_suffix": "bqh4k0xha5ouhmbykw2pw3hupe.ax.internal.cloudapp.net",
            "ip_configuration": [
              {
                "gateway_load_balancer_frontend_ip_configuration_id": "",
                "name": "internal1",
                "primary": true,
                "private_ip_address": "10.1.2.4",
                "private_ip_address_allocation": "Dynamic",
                "private_ip_address_version": "IPv4",
                "public_ip_address_id": "/subscriptions/3f5eb6a9-5c8c-4f4c-8764-1e5d477f1ca8/resourceGroups/maria-resources/providers/Microsoft.Network/publicIPAddresses/maria-pubIP1",
                "subnet_id": "/subscriptions/3f5eb6a9-5c8c-4f4c-8764-1e5d477f1ca8/resourceGroups/maria-resources/providers/Microsoft.Network/virtualNetworks/maria-network.1/subnets/internal1"
              }
            ],
            "location": "westeurope",
            "mac_address": "00-0D-3A-AF-F1-41",
            "name": "maria-nic1",
            "private_ip_address": "10.1.2.4",
            "private_ip_addresses": [
              "10.1.2.4"
            ],
            "resource_group_name": "maria-resources",
            "tags": {},
            "timeouts": null,
            "virtual_machine_id": "/subscriptions/3f5eb6a9-5c8c-4f4c-8764-1e5d477f1ca8/resourceGroups/maria-resources/providers/Microsoft.Compute/virtualMachines/maria-machine1"
          },
          "sensitive_attributes": [],
          "private": "eyJlMmJmYjczMC1lY2FhLTExZTYtOGY4OC0zNDM2M2JjN2M0YzAiOnsiY3JlYXRlIjoxODAwMDAwMDAwMDAwLCJkZWxldGUiOjE4MDAwMDAwMDAwMDAsInJlYWQiOjMwMDAwMDAwMDAwMCwidXBkYXRlIjoxODAwMDAwMDAwMDAwfX0=",
          "dependencies": [
            "azurerm_virtual_network.maria",
            "azurerm_public_ip.mariapi",
            "azurerm_resource_group.maria",
            "azurerm_subnet.maria"
          ]
        }
      ]
    },
    {
      "mode": "managed",
      "type": "azurerm_network_interface_security_group_association",
      "name": "maria",
      "provider": "provider[\"registry.terraform.io/hashicorp/azurerm\"]",
      "instances": [
        {
          "index_key": 0,
          "schema_version": 0,
          "attributes": {
            "id": "/subscriptions/3f5eb6a9-5c8c-4f4c-8764-1e5d477f1ca8/resourceGroups/maria-resources/providers/Microsoft.Network/networkInterfaces/maria-nic0|/subscriptions/3f5eb6a9-5c8c-4f4c-8764-1e5d477f1ca8/resourceGroups/maria-resources/providers/Microsoft.Network/networkSecurityGroups/mariaNSG0",
            "network_interface_id": "/subscriptions/3f5eb6a9-5c8c-4f4c-8764-1e5d477f1ca8/resourceGroups/maria-resources/providers/Microsoft.Network/networkInterfaces/maria-nic0",
            "network_security_group_id": "/subscriptions/3f5eb6a9-5c8c-4f4c-8764-1e5d477f1ca8/resourceGroups/maria-resources/providers/Microsoft.Network/networkSecurityGroups/mariaNSG0",
            "timeouts": null
          },
          "sensitive_attributes": [],
          "private": "eyJlMmJmYjczMC1lY2FhLTExZTYtOGY4OC0zNDM2M2JjN2M0YzAiOnsiY3JlYXRlIjoxODAwMDAwMDAwMDAwLCJkZWxldGUiOjE4MDAwMDAwMDAwMDAsInJlYWQiOjMwMDAwMDAwMDAwMCwidXBkYXRlIjoxODAwMDAwMDAwMDAwfX0=",
          "dependencies": [
            "azurerm_subnet.maria",
            "azurerm_virtual_network.maria",
            "azurerm_network_interface.maria",
            "azurerm_network_security_group.maria-nsg",
            "azurerm_public_ip.mariapi",
            "azurerm_resource_group.maria"
          ]
        },
        {
          "index_key": 1,
          "schema_version": 0,
          "attributes": {
            "id": "/subscriptions/3f5eb6a9-5c8c-4f4c-8764-1e5d477f1ca8/resourceGroups/maria-resources/providers/Microsoft.Network/networkInterfaces/maria-nic1|/subscriptions/3f5eb6a9-5c8c-4f4c-8764-1e5d477f1ca8/resourceGroups/maria-resources/providers/Microsoft.Network/networkSecurityGroups/mariaNSG1",
            "network_interface_id": "/subscriptions/3f5eb6a9-5c8c-4f4c-8764-1e5d477f1ca8/resourceGroups/maria-resources/providers/Microsoft.Network/networkInterfaces/maria-nic1",
            "network_security_group_id": "/subscriptions/3f5eb6a9-5c8c-4f4c-8764-1e5d477f1ca8/resourceGroups/maria-resources/providers/Microsoft.Network/networkSecurityGroups/mariaNSG1",
            "timeouts": null
          },
          "sensitive_attributes": [],
          "private": "eyJlMmJmYjczMC1lY2FhLTExZTYtOGY4OC0zNDM2M2JjN2M0YzAiOnsiY3JlYXRlIjoxODAwMDAwMDAwMDAwLCJkZWxldGUiOjE4MDAwMDAwMDAwMDAsInJlYWQiOjMwMDAwMDAwMDAwMCwidXBkYXRlIjoxODAwMDAwMDAwMDAwfX0=",
          "dependencies": [
            "azurerm_public_ip.mariapi",
            "azurerm_resource_group.maria",
            "azurerm_subnet.maria",
            "azurerm_virtual_network.maria",
            "azurerm_network_interface.maria",
            "azurerm_network_security_group.maria-nsg"
          ]
        }
      ]
    },
    {
      "mode": "managed",
      "type": "azurerm_network_security_group",
      "name": "maria-nsg",
      "provider": "provider[\"registry.terraform.io/hashicorp/azurerm\"]",
      "instances": [
        {
          "index_key": 0,
          "schema_version": 0,
          "attributes": {
            "id": "/subscriptions/3f5eb6a9-5c8c-4f4c-8764-1e5d477f1ca8/resourceGroups/maria-resources/providers/Microsoft.Network/networkSecurityGroups/mariaNSG0",
            "location": "westeurope",
            "name": "mariaNSG0",
            "resource_group_name": "maria-resources",
            "security_rule": [
              {
                "access": "Allow",
                "description": "",
                "destination_address_prefix": "*",
                "destination_address_prefixes": [],
                "destination_application_security_group_ids": [],
                "destination_port_range": "22",
                "destination_port_ranges": [],
                "direction": "Inbound",
                "name": "SSH",
                "priority": 1001,
                "protocol": "Tcp",
                "source_address_prefix": "*",
                "source_address_prefixes": [],
                "source_application_security_group_ids": [],
                "source_port_range": "*",
                "source_port_ranges": []
              },
              {
                "access": "Allow",
                "description": "",
                "destination_address_prefix": "*",
                "destination_address_prefixes": [],
                "destination_application_security_group_ids": [],
                "destination_port_range": "3306",
                "destination_port_ranges": [],
                "direction": "Inbound",
                "name": "mysql-client-in",
                "priority": 1005,
                "protocol": "Tcp",
                "source_address_prefix": "*",
                "source_address_prefixes": [],
                "source_application_security_group_ids": [],
                "source_port_range": "*",
                "source_port_ranges": []
              },
              {
                "access": "Allow",
                "description": "",
                "destination_address_prefix": "*",
                "destination_address_prefixes": [],
                "destination_application_security_group_ids": [],
                "destination_port_range": "3306",
                "destination_port_ranges": [],
                "direction": "Outbound",
                "name": "mysql-client-out",
                "priority": 1005,
                "protocol": "Tcp",
                "source_address_prefix": "*",
                "source_address_prefixes": [],
                "source_application_security_group_ids": [],
                "source_port_range": "*",
                "source_port_ranges": []
              }
            ],
            "tags": {
              "environment": "mariadb"
            },
            "timeouts": null
          },
          "sensitive_attributes": [],
          "private": "eyJlMmJmYjczMC1lY2FhLTExZTYtOGY4OC0zNDM2M2JjN2M0YzAiOnsiY3JlYXRlIjoxODAwMDAwMDAwMDAwLCJkZWxldGUiOjE4MDAwMDAwMDAwMDAsInJlYWQiOjMwMDAwMDAwMDAwMCwidXBkYXRlIjoxODAwMDAwMDAwMDAwfX0=",
          "dependencies": [
            "azurerm_resource_group.maria"
          ]
        },
        {
          "index_key": 1,
          "schema_version": 0,
          "attributes": {
            "id": "/subscriptions/3f5eb6a9-5c8c-4f4c-8764-1e5d477f1ca8/resourceGroups/maria-resources/providers/Microsoft.Network/networkSecurityGroups/mariaNSG1",
            "location": "westeurope",
            "name": "mariaNSG1",
            "resource_group_name": "maria-resources",
            "security_rule": [
              {
                "access": "Allow",
                "description": "",
                "destination_address_prefix": "*",
                "destination_address_prefixes": [],
                "destination_application_security_group_ids": [],
                "destination_port_range": "22",
                "destination_port_ranges": [],
                "direction": "Inbound",
                "name": "SSH",
                "priority": 1001,
                "protocol": "Tcp",
                "source_address_prefix": "*",
                "source_address_prefixes": [],
                "source_application_security_group_ids": [],
                "source_port_range": "*",
                "source_port_ranges": []
              },
              {
                "access": "Allow",
                "description": "",
                "destination_address_prefix": "*",
                "destination_address_prefixes": [],
                "destination_application_security_group_ids": [],
                "destination_port_range": "3306",
                "destination_port_ranges": [],
                "direction": "Inbound",
                "name": "mysql-client-in",
                "priority": 1005,
                "protocol": "Tcp",
                "source_address_prefix": "*",
                "source_address_prefixes": [],
                "source_application_security_group_ids": [],
                "source_port_range": "*",
                "source_port_ranges": []
              },
              {
                "access": "Allow",
                "description": "",
                "destination_address_prefix": "*",
                "destination_address_prefixes": [],
                "destination_application_security_group_ids": [],
                "destination_port_range": "3306",
                "destination_port_ranges": [],
                "direction": "Outbound",
                "name": "mysql-client-out",
                "priority": 1005,
                "protocol": "Tcp",
                "source_address_prefix": "*",
                "source_address_prefixes": [],
                "source_application_security_group_ids": [],
                "source_port_range": "*",
                "source_port_ranges": []
              }
            ],
            "tags": {
              "environment": "mariadb"
            },
            "timeouts": null
          },
          "sensitive_attributes": [],
          "private": "eyJlMmJmYjczMC1lY2FhLTExZTYtOGY4OC0zNDM2M2JjN2M0YzAiOnsiY3JlYXRlIjoxODAwMDAwMDAwMDAwLCJkZWxldGUiOjE4MDAwMDAwMDAwMDAsInJlYWQiOjMwMDAwMDAwMDAwMCwidXBkYXRlIjoxODAwMDAwMDAwMDAwfX0=",
          "dependencies": [
            "azurerm_resource_group.maria"
          ]
        }
      ]
    },
    {
      "mode": "managed",
      "type": "azurerm_public_ip",
      "name": "mariapi",
      "provider": "provider[\"registry.terraform.io/hashicorp/azurerm\"]",
      "instances": [
        {
          "index_key": 0,
          "schema_version": 0,
          "attributes": {
            "allocation_method": "Static",
            "availability_zone": "No-Zone",
            "domain_name_label": "aw0815-maria0",
            "fqdn": "aw0815-maria0.westeurope.cloudapp.azure.com",
            "id": "/subscriptions/3f5eb6a9-5c8c-4f4c-8764-1e5d477f1ca8/resourceGroups/maria-resources/providers/Microsoft.Network/publicIPAddresses/maria-pubIP0",
            "idle_timeout_in_minutes": 4,
            "ip_address": "52.142.210.182",
            "ip_tags": {},
            "ip_version": "IPv4",
            "location": "westeurope",
            "name": "maria-pubIP0",
            "public_ip_prefix_id": null,
            "resource_group_name": "maria-resources",
            "reverse_fqdn": "",
            "sku": "Basic",
            "sku_tier": "Regional",
            "tags": {},
            "timeouts": null,
            "zones": []
          },
          "sensitive_attributes": [],
          "private": "eyJlMmJmYjczMC1lY2FhLTExZTYtOGY4OC0zNDM2M2JjN2M0YzAiOnsiY3JlYXRlIjoxODAwMDAwMDAwMDAwLCJkZWxldGUiOjE4MDAwMDAwMDAwMDAsInJlYWQiOjMwMDAwMDAwMDAwMCwidXBkYXRlIjoxODAwMDAwMDAwMDAwfX0=",
          "dependencies": [
            "azurerm_resource_group.maria"
          ]
        },
        {
          "index_key": 1,
          "schema_version": 0,
          "attributes": {
            "allocation_method": "Static",
            "availability_zone": "No-Zone",
            "domain_name_label": "aw0815-maria1",
            "fqdn": "aw0815-maria1.westeurope.cloudapp.azure.com",
            "id": "/subscriptions/3f5eb6a9-5c8c-4f4c-8764-1e5d477f1ca8/resourceGroups/maria-resources/providers/Microsoft.Network/publicIPAddresses/maria-pubIP1",
            "idle_timeout_in_minutes": 4,
            "ip_address": "52.142.210.202",
            "ip_tags": {},
            "ip_version": "IPv4",
            "location": "westeurope",
            "name": "maria-pubIP1",
            "public_ip_prefix_id": null,
            "resource_group_name": "maria-resources",
            "reverse_fqdn": "",
            "sku": "Basic",
            "sku_tier": "Regional",
            "tags": {},
            "timeouts": null,
            "zones": []
          },
          "sensitive_attributes": [],
          "private": "eyJlMmJmYjczMC1lY2FhLTExZTYtOGY4OC0zNDM2M2JjN2M0YzAiOnsiY3JlYXRlIjoxODAwMDAwMDAwMDAwLCJkZWxldGUiOjE4MDAwMDAwMDAwMDAsInJlYWQiOjMwMDAwMDAwMDAwMCwidXBkYXRlIjoxODAwMDAwMDAwMDAwfX0=",
          "dependencies": [
            "azurerm_resource_group.maria"
          ]
        }
      ]
    },
    {
      "mode": "managed",
      "type": "azurerm_resource_group",
      "name": "maria",
      "provider": "provider[\"registry.terraform.io/hashicorp/azurerm\"]",
      "instances": [
        {
          "schema_version": 0,
          "attributes": {
            "id": "/subscriptions/3f5eb6a9-5c8c-4f4c-8764-1e5d477f1ca8/resourceGroups/maria-resources",
            "location": "westeurope",
            "name": "maria-resources",
            "tags": {},
            "timeouts": null
          },
          "sensitive_attributes": [],
          "private": "eyJlMmJmYjczMC1lY2FhLTExZTYtOGY4OC0zNDM2M2JjN2M0YzAiOnsiY3JlYXRlIjo1NDAwMDAwMDAwMDAwLCJkZWxldGUiOjU0MDAwMDAwMDAwMDAsInJlYWQiOjMwMDAwMDAwMDAwMCwidXBkYXRlIjo1NDAwMDAwMDAwMDAwfX0="
        }
      ]
    },
    {
      "mode": "managed",
      "type": "azurerm_subnet",
      "name": "maria",
      "provider": "provider[\"registry.terraform.io/hashicorp/azurerm\"]",
      "instances": [
        {
          "index_key": 0,
          "schema_version": 0,
          "attributes": {
            "address_prefix": "10.0.2.0/24",
            "address_prefixes": [
              "10.0.2.0/24"
            ],
            "delegation": [],
            "enforce_private_link_endpoint_network_policies": false,
            "enforce_private_link_service_network_policies": false,
            "id": "/subscriptions/3f5eb6a9-5c8c-4f4c-8764-1e5d477f1ca8/resourceGroups/maria-resources/providers/Microsoft.Network/virtualNetworks/maria-network.0/subnets/internal0",
            "name": "internal0",
            "resource_group_name": "maria-resources",
            "service_endpoint_policy_ids": [],
            "service_endpoints": [],
            "timeouts": null,
            "virtual_network_name": "maria-network.0"
          },
          "sensitive_attributes": [],
          "private": "eyJlMmJmYjczMC1lY2FhLTExZTYtOGY4OC0zNDM2M2JjN2M0YzAiOnsiY3JlYXRlIjoxODAwMDAwMDAwMDAwLCJkZWxldGUiOjE4MDAwMDAwMDAwMDAsInJlYWQiOjMwMDAwMDAwMDAwMCwidXBkYXRlIjoxODAwMDAwMDAwMDAwfX0=",
          "dependencies": [
            "azurerm_resource_group.maria",
            "azurerm_virtual_network.maria"
          ]
        },
        {
          "index_key": 1,
          "schema_version": 0,
          "attributes": {
            "address_prefix": "10.1.2.0/24",
            "address_prefixes": [
              "10.1.2.0/24"
            ],
            "delegation": [],
            "enforce_private_link_endpoint_network_policies": false,
            "enforce_private_link_service_network_policies": false,
            "id": "/subscriptions/3f5eb6a9-5c8c-4f4c-8764-1e5d477f1ca8/resourceGroups/maria-resources/providers/Microsoft.Network/virtualNetworks/maria-network.1/subnets/internal1",
            "name": "internal1",
            "resource_group_name": "maria-resources",
            "service_endpoint_policy_ids": [],
            "service_endpoints": [],
            "timeouts": null,
            "virtual_network_name": "maria-network.1"
          },
          "sensitive_attributes": [],
          "private": "eyJlMmJmYjczMC1lY2FhLTExZTYtOGY4OC0zNDM2M2JjN2M0YzAiOnsiY3JlYXRlIjoxODAwMDAwMDAwMDAwLCJkZWxldGUiOjE4MDAwMDAwMDAwMDAsInJlYWQiOjMwMDAwMDAwMDAwMCwidXBkYXRlIjoxODAwMDAwMDAwMDAwfX0=",
          "dependencies": [
            "azurerm_resource_group.maria",
            "azurerm_virtual_network.maria"
          ]
        }
      ]
    },
    {
      "mode": "managed",
      "type": "azurerm_virtual_network",
      "name": "maria",
      "provider": "provider[\"registry.terraform.io/hashicorp/azurerm\"]",
      "instances": [
        {
          "index_key": 0,
          "schema_version": 0,
          "attributes": {
            "address_space": [
              "10.0.0.0/16"
            ],
            "bgp_community": "",
            "ddos_protection_plan": [],
            "dns_servers": [],
            "flow_timeout_in_minutes": 0,
            "guid": "e95af9de-f3f9-4a75-96f2-4425abd5c716",
            "id": "/subscriptions/3f5eb6a9-5c8c-4f4c-8764-1e5d477f1ca8/resourceGroups/maria-resources/providers/Microsoft.Network/virtualNetworks/maria-network.0",
            "location": "westeurope",
            "name": "maria-network.0",
            "resource_group_name": "maria-resources",
            "subnet": [
              {
                "address_prefix": "10.0.2.0/24",
                "id": "/subscriptions/3f5eb6a9-5c8c-4f4c-8764-1e5d477f1ca8/resourceGroups/maria-resources/providers/Microsoft.Network/virtualNetworks/maria-network.0/subnets/internal0",
                "name": "internal0",
                "security_group": ""
              }
            ],
            "tags": {},
            "timeouts": null,
            "vm_protection_enabled": false
          },
          "sensitive_attributes": [],
          "private": "eyJlMmJmYjczMC1lY2FhLTExZTYtOGY4OC0zNDM2M2JjN2M0YzAiOnsiY3JlYXRlIjoxODAwMDAwMDAwMDAwLCJkZWxldGUiOjE4MDAwMDAwMDAwMDAsInJlYWQiOjMwMDAwMDAwMDAwMCwidXBkYXRlIjoxODAwMDAwMDAwMDAwfX0=",
          "dependencies": [
            "azurerm_resource_group.maria"
          ]
        },
        {
          "index_key": 1,
          "schema_version": 0,
          "attributes": {
            "address_space": [
              "10.1.0.0/16"
            ],
            "bgp_community": "",
            "ddos_protection_plan": [],
            "dns_servers": [],
            "flow_timeout_in_minutes": 0,
            "guid": "6ae50f0c-07e7-43dd-b038-55b8fb74f47c",
            "id": "/subscriptions/3f5eb6a9-5c8c-4f4c-8764-1e5d477f1ca8/resourceGroups/maria-resources/providers/Microsoft.Network/virtualNetworks/maria-network.1",
            "location": "westeurope",
            "name": "maria-network.1",
            "resource_group_name": "maria-resources",
            "subnet": [
              {
                "address_prefix": "10.1.2.0/24",
                "id": "/subscriptions/3f5eb6a9-5c8c-4f4c-8764-1e5d477f1ca8/resourceGroups/maria-resources/providers/Microsoft.Network/virtualNetworks/maria-network.1/subnets/internal1",
                "name": "internal1",
                "security_group": ""
              }
            ],
            "tags": {},
            "timeouts": null,
            "vm_protection_enabled": false
          },
          "sensitive_attributes": [],
          "private": "eyJlMmJmYjczMC1lY2FhLTExZTYtOGY4OC0zNDM2M2JjN2M0YzAiOnsiY3JlYXRlIjoxODAwMDAwMDAwMDAwLCJkZWxldGUiOjE4MDAwMDAwMDAwMDAsInJlYWQiOjMwMDAwMDAwMDAwMCwidXBkYXRlIjoxODAwMDAwMDAwMDAwfX0=",
          "dependencies": [
            "azurerm_resource_group.maria"
          ]
        }
      ]
    }
  ]
}
